<?xml version="1.0" encoding="utf-8"?>
<Project ToolsVersion="4.0" xmlns="http://schemas.microsoft.com/developer/msbuild/2003">
  <ItemGroup>
    <Filter Include="소스 파일">
      <UniqueIdentifier>{4FC737F1-C7A5-4376-A066-2A32D752A2FF}</UniqueIdentifier>
      <Extensions>cpp;c;cc;cxx;c++;cppm;ixx;def;odl;idl;hpj;bat;asm;asmx</Extensions>
    </Filter>
    <Filter Include="헤더 파일">
      <UniqueIdentifier>{93995380-89BD-4b04-88EB-625FBE52EBFB}</UniqueIdentifier>
      <Extensions>h;hh;hpp;hxx;h++;hm;inl;inc;ipp;xsd</Extensions>
    </Filter>
    <Filter Include="리소스 파일">
      <UniqueIdentifier>{67DA6AB6-F800-4c08-8B7A-83BB121AAD01}</UniqueIdentifier>
      <Extensions>rc;ico;cur;bmp;dlg;rc2;rct;bin;rgs;gif;jpg;jpeg;jpe;resx;tiff;tif;png;wav;mfcribbon-ms</Extensions>
    </Filter>
    <Filter Include="Common">
      <UniqueIdentifier>{c831e592-0093-47a0-ac3d-fab6434f252a}</UniqueIdentifier>
    </Filter>
  </ItemGroup>
  <ItemGroup>
    <ClInclude Include="Test_DDraw.h">
      <Filter>헤더 파일</Filter>
    </ClInclude>
    <ClInclude Include="Test_DDrawDlg.h">
      <Filter>헤더 파일</Filter>
    </ClInclude>
    <ClInclude Include="framework.h">
      <Filter>헤더 파일</Filter>
    </ClInclude>
    <ClInclude Include="targetver.h">
      <Filter>헤더 파일</Filter>
    </ClInclude>
    <ClInclude Include="Resource.h">
      <Filter>헤더 파일</Filter>
    </ClInclude>
    <ClInclude Include="pch.h">
      <Filter>헤더 파일</Filter>
    </ClInclude>
    <ClInclude Include="..\..\Common\ResizeCtrl.h">
      <Filter>Common</Filter>
    </ClInclude>
    <ClInclude Include="..\..\Common\SCGdiplusBitmap.h">
      <Filter>Common</Filter>
    </ClInclude>
    <ClInclude Include="..\..\Common\colors.h">
      <Filter>Common</Filter>
    </ClInclude>
    <ClInclude Include="..\..\Common\Functions.h">
      <Filter>Common</Filter>
    </ClInclude>
    <ClInclude Include="..\..\Common\MemoryDC.h">
      <Filter>Common</Filter>
    </ClInclude>
    <ClInclude Include="MyBitmap.h">
      <Filter>헤더 파일</Filter>
    </ClInclude>
    <ClInclude Include="..\..\Common\directx\CSCD2Image\SCD2Image.h">
      <Filter>Common</Filter>
    </ClInclude>
    <ClInclude Include="..\..\Common\directx\CSCD2Context\SCD2Context.h">
      <Filter>Common</Filter>
    </ClInclude>
  </ItemGroup>
  <ItemGroup>
    <ClCompile Include="Test_DDraw.cpp">
      <Filter>소스 파일</Filter>
    </ClCompile>
    <ClCompile Include="Test_DDrawDlg.cpp">
      <Filter>소스 파일</Filter>
    </ClCompile>
    <ClCompile Include="pch.cpp">
      <Filter>소스 파일</Filter>
    </ClCompile>
    <ClCompile Include="..\..\Common\ResizeCtrl.cpp">
      <Filter>Common</Filter>
    </ClCompile>
    <ClCompile Include="..\..\Common\SCGdiplusBitmap.cpp">
      <Filter>Common</Filter>
    </ClCompile>
    <ClCompile Include="..\..\Common\colors.cpp">
      <Filter>Common</Filter>
    </ClCompile>
    <ClCompile Include="..\..\Common\Functions.cpp">
      <Filter>Common</Filter>
    </ClCompile>
    <ClCompile Include="MyBitmap.cpp">
      <Filter>소스 파일</Filter>
    </ClCompile>
    <ClCompile Include="..\..\Common\directx\CSCD2Image\SCD2Image.cpp">
      <Filter>Common</Filter>
    </ClCompile>
    <ClCompile Include="..\..\Common\directx\CSCD2Context\SCD2Context.cpp">
      <Filter>Common</Filter>
    </ClCompile>
  </ItemGroup>
  <ItemGroup>
    <ResourceCompile Include="TestDDraw.rc">
      <Filter>리소스 파일</Filter>
    </ResourceCompile>
  </ItemGroup>
  <ItemGroup>
    <None Include="res\TestDDraw.rc2">
      <Filter>리소스 파일</Filter>
    </None>
    <None Include="res\images\loading.bin">
      <Filter>리소스 파일</Filter>
    </None>
  </ItemGroup>
  <ItemGroup>
    <Image Include="res\Test_DDraw.ico">
      <Filter>리소스 파일</Filter>
    </Image>
    <Image Include="..\..\..\256_color.bmp">
      <Filter>리소스 파일</Filter>
    </Image>
    <Image Include="..\..\..\arrow_left.png">
      <Filter>리소스 파일</Filter>
    </Image>
    <Image Include="..\..\..\ironman.jfif" />
    <Image Include="..\..\..\bmp_256color.bmp">
      <Filter>리소스 파일</Filter>
    </Image>
    <Image Include="..\..\..\bmp_truecolor.bmp">
      <Filter>리소스 파일</Filter>
    </Image>
    <Image Include="..\..\..\ink-and-wash.png">
      <Filter>리소스 파일</Filter>
    </Image>
    <Image Include="res\images\arrow_left.png">
      <Filter>리소스 파일</Filter>
    </Image>
    <Image Include="res\images\dx_logo.png">
      <Filter>리소스 파일</Filter>
    </Image>
    <Image Include="res\images\ink-and-wash.png">
      <Filter>리소스 파일</Filter>
    </Image>
    <Image Include="res\images\snail.png">
      <Filter>리소스 파일</Filter>
    </Image>
    <Image Include="res\images\snail_small.png">
      <Filter>리소스 파일</Filter>
    </Image>
    <Image Include="res\images\lobby.jpg">
      <Filter>리소스 파일</Filter>
    </Image>
    <Image Include="res\images\ironman.jfif" />
    <Image Include="res\images\loading.gif">
      <Filter>리소스 파일</Filter>
    </Image>
  </ItemGroup>
  <ItemGroup>
    <Text Include="readme.txt" />
  </ItemGroup>
</Project>